
Microsoft Visual Studio Solution File, Format Version 12.00
# Visual Studio Version 16
VisualStudioVersion = 16.0.31515.178
MinimumVisualStudioVersion = 10.0.40219.1
Project("{2150E333-8FDC-42A3-9474-1A3956D46DE8}") = "Votinger.AuthServer", "Votinger.AuthServer", "{7F77A0CC-DDB6-49E1-9666-78E21852C4ED}"
EndProject
Project("{9A19103F-16F7-4668-BE54-9A1E7A4F7556}") = "Votinger.AuthServer.Web", "Votinger.AuthServer\Votinger.AuthServer.Web\Votinger.AuthServer.Web.csproj", "{4531A6E2-EF89-4059-9FDD-63A746592CA0}"
EndProject
Project("{9A19103F-16F7-4668-BE54-9A1E7A4F7556}") = "Votinger.AuthServer.Core", "Votinger.AuthServer\Votinger.AuthServer.Core\Votinger.AuthServer.Core.csproj", "{EC25D184-1274-4FE4-A5F5-0377E27C8974}"
EndProject
Project("{9A19103F-16F7-4668-BE54-9A1E7A4F7556}") = "Votinger.AuthServer.Services", "Votinger.AuthServer\Votinger.AuthServer.Services\Votinger.AuthServer.Services.csproj", "{0D214516-78D7-4CAE-8956-7CBBEFAA0133}"
EndProject
Project("{9A19103F-16F7-4668-BE54-9A1E7A4F7556}") = "Votinger.AuthServer.Tests", "Votinger.AuthServer\Votinger.AuthServer.Tests\Votinger.AuthServer.Tests.csproj", "{4FB8C519-5E6A-4FCE-894F-65E2D0212CB8}"
EndProject
Project("{9A19103F-16F7-4668-BE54-9A1E7A4F7556}") = "Votinger.AuthServer.Infrastructure", "Votinger.AuthServer\Votinger.AuthServer.Infrastructure\Votinger.AuthServer.Infrastructure.csproj", "{73EABE7A-8C54-458D-93DE-695BAC8263D5}"
EndProject
Project("{2150E333-8FDC-42A3-9474-1A3956D46DE8}") = "Solution Items", "Solution Items", "{1A71E720-B0E2-4719-81AB-C303227D9708}"
EndProject
Global
	GlobalSection(SolutionConfigurationPlatforms) = preSolution
		Debug|Any CPU = Debug|Any CPU
		Release|Any CPU = Release|Any CPU
	EndGlobalSection
	GlobalSection(ProjectConfigurationPlatforms) = postSolution
		{4531A6E2-EF89-4059-9FDD-63A746592CA0}.Debug|Any CPU.ActiveCfg = Debug|Any CPU
		{4531A6E2-EF89-4059-9FDD-63A746592CA0}.Debug|Any CPU.Build.0 = Debug|Any CPU
		{4531A6E2-EF89-4059-9FDD-63A746592CA0}.Release|Any CPU.ActiveCfg = Release|Any CPU
		{4531A6E2-EF89-4059-9FDD-63A746592CA0}.Release|Any CPU.Build.0 = Release|Any CPU
		{EC25D184-1274-4FE4-A5F5-0377E27C8974}.Debug|Any CPU.ActiveCfg = Debug|Any CPU
		{EC25D184-1274-4FE4-A5F5-0377E27C8974}.Debug|Any CPU.Build.0 = Debug|Any CPU
		{EC25D184-1274-4FE4-A5F5-0377E27C8974}.Release|Any CPU.ActiveCfg = Release|Any CPU
		{EC25D184-1274-4FE4-A5F5-0377E27C8974}.Release|Any CPU.Build.0 = Release|Any CPU
		{0D214516-78D7-4CAE-8956-7CBBEFAA0133}.Debug|Any CPU.ActiveCfg = Debug|Any CPU
		{0D214516-78D7-4CAE-8956-7CBBEFAA0133}.Debug|Any CPU.Build.0 = Debug|Any CPU
		{0D214516-78D7-4CAE-8956-7CBBEFAA0133}.Release|Any CPU.ActiveCfg = Release|Any CPU
		{0D214516-78D7-4CAE-8956-7CBBEFAA0133}.Release|Any CPU.Build.0 = Release|Any CPU
		{4FB8C519-5E6A-4FCE-894F-65E2D0212CB8}.Debug|Any CPU.ActiveCfg = Debug|Any CPU
		{4FB8C519-5E6A-4FCE-894F-65E2D0212CB8}.Debug|Any CPU.Build.0 = Debug|Any CPU
		{4FB8C519-5E6A-4FCE-894F-65E2D0212CB8}.Release|Any CPU.ActiveCfg = Release|Any CPU
		{4FB8C519-5E6A-4FCE-894F-65E2D0212CB8}.Release|Any CPU.Build.0 = Release|Any CPU
		{73EABE7A-8C54-458D-93DE-695BAC8263D5}.Debug|Any CPU.ActiveCfg = Debug|Any CPU
		{73EABE7A-8C54-458D-93DE-695BAC8263D5}.Debug|Any CPU.Build.0 = Debug|Any CPU
		{73EABE7A-8C54-458D-93DE-695BAC8263D5}.Release|Any CPU.ActiveCfg = Release|Any CPU
		{73EABE7A-8C54-458D-93DE-695BAC8263D5}.Release|Any CPU.Build.0 = Release|Any CPU
	EndGlobalSection
	GlobalSection(SolutionProperties) = preSolution
		HideSolutionNode = FALSE
	EndGlobalSection
	GlobalSection(NestedProjects) = preSolution
		{4531A6E2-EF89-4059-9FDD-63A746592CA0} = {7F77A0CC-DDB6-49E1-9666-78E21852C4ED}
		{EC25D184-1274-4FE4-A5F5-0377E27C8974} = {7F77A0CC-DDB6-49E1-9666-78E21852C4ED}
		{0D214516-78D7-4CAE-8956-7CBBEFAA0133} = {7F77A0CC-DDB6-49E1-9666-78E21852C4ED}
		{4FB8C519-5E6A-4FCE-894F-65E2D0212CB8} = {7F77A0CC-DDB6-49E1-9666-78E21852C4ED}
		{73EABE7A-8C54-458D-93DE-695BAC8263D5} = {7F77A0CC-DDB6-49E1-9666-78E21852C4ED}
	EndGlobalSection
	GlobalSection(ExtensibilityGlobals) = postSolution
		SolutionGuid = {59426E29-D06A-4568-98AB-CE68A1C95833}
	EndGlobalSection
EndGlobal
